
Microsoft Visual Studio Solution File, Format Version 12.00
# Visual Studio Version 16
VisualStudioVersion = 16.0.28902.138
MinimumVisualStudioVersion = 10.0.40219.1
Project("{FAE04EC0-301F-11D3-BF4B-00C04F79EFBC}") = "Panacea.Modules.WebBrowser", "Panacea.Modules.WebBrowser\Panacea.Modules.WebBrowser.csproj", "{94DCD84F-488F-4E38-8935-815D3A64BD38}"
EndProject
Global
	GlobalSection(SolutionConfigurationPlatforms) = preSolution
		Debug|x86 = Debug|x86
		Release|x86 = Release|x86
	EndGlobalSection
	GlobalSection(ProjectConfigurationPlatforms) = postSolution
		{94DCD84F-488F-4E38-8935-815D3A64BD38}.Debug|x86.ActiveCfg = Debug|x86
		{94DCD84F-488F-4E38-8935-815D3A64BD38}.Debug|x86.Build.0 = Debug|x86
		{94DCD84F-488F-4E38-8935-815D3A64BD38}.Release|x86.ActiveCfg = Release|x86
		{94DCD84F-488F-4E38-8935-815D3A64BD38}.Release|x86.Build.0 = Release|x86
	EndGlobalSection
	GlobalSection(SolutionProperties) = preSolution
		HideSolutionNode = FALSE
	EndGlobalSection
	GlobalSection(ExtensibilityGlobals) = postSolution
		SolutionGuid = {4157CD5B-3E97-4CB5-9EAE-2CC1BBB88294}
	EndGlobalSection
EndGlobal
